
Microsoft Visual Studio Solution File, Format Version 12.00
Project("{FAE04EC0-301F-11D3-BF4B-00C04F79EFBC}") = "Luche.Product.API", "Luche.Product.API\Luche.Product.API.csproj", "{BFD1DE5E-C444-4918-9653-2FBC4FB51869}"
EndProject
Global
	GlobalSection(SolutionConfigurationPlatforms) = preSolution
		Debug|Any CPU = Debug|Any CPU
		Release|Any CPU = Release|Any CPU
	EndGlobalSection
	GlobalSection(ProjectConfigurationPlatforms) = postSolution
		{BFD1DE5E-C444-4918-9653-2FBC4FB51869}.Debug|Any CPU.ActiveCfg = Debug|Any CPU
		{BFD1DE5E-C444-4918-9653-2FBC4FB51869}.Debug|Any CPU.Build.0 = Debug|Any CPU
		{BFD1DE5E-C444-4918-9653-2FBC4FB51869}.Release|Any CPU.ActiveCfg = Release|Any CPU
		{BFD1DE5E-C444-4918-9653-2FBC4FB51869}.Release|Any CPU.Build.0 = Release|Any CPU
	EndGlobalSection
EndGlobal
